
Microsoft Visual Studio Solution File, Format Version 12.00
# Visual Studio Version 17
VisualStudioVersion = 17.4.33403.182
MinimumVisualStudioVersion = 10.0.40219.1
Project("{FAE04EC0-301F-11D3-BF4B-00C04F79EFBC}") = "Ecommerce", "Ecommerce\Ecommerce.csproj", "{E97A2814-BFB0-428B-AED7-E220A358A5FF}"
EndProject
Global
	GlobalSection(SolutionConfigurationPlatforms) = preSolution
		Debug|Any CPU = Debug|Any CPU
		Release|Any CPU = Release|Any CPU
	EndGlobalSection
	GlobalSection(ProjectConfigurationPlatforms) = postSolution
		{E97A2814-BFB0-428B-AED7-E220A358A5FF}.Debug|Any CPU.ActiveCfg = Debug|Any CPU
		{E97A2814-BFB0-428B-AED7-E220A358A5FF}.Debug|Any CPU.Build.0 = Debug|Any CPU
		{E97A2814-BFB0-428B-AED7-E220A358A5FF}.Release|Any CPU.ActiveCfg = Release|Any CPU
		{E97A2814-BFB0-428B-AED7-E220A358A5FF}.Release|Any CPU.Build.0 = Release|Any CPU
	EndGlobalSection
	GlobalSection(SolutionProperties) = preSolution
		HideSolutionNode = FALSE
	EndGlobalSection
	GlobalSection(ExtensibilityGlobals) = postSolution
		SolutionGuid = {801FE0C0-0A5F-4CED-8203-875BCE6AD8CD}
	EndGlobalSection
EndGlobal
