
Microsoft Visual Studio Solution File, Format Version 12.00
# Visual Studio Version 17
VisualStudioVersion = 17.4.33403.182
MinimumVisualStudioVersion = 10.0.40219.1
Project("{FAE04EC0-301F-11D3-BF4B-00C04F79EFBC}") = "AuthSystem", "AuthSystem\AuthSystem.csproj", "{5CBC970D-8898-4E03-A010-DA4BA292651D}"
EndProject
Global
	GlobalSection(SolutionConfigurationPlatforms) = preSolution
		Debug|Any CPU = Debug|Any CPU
		Release|Any CPU = Release|Any CPU
	EndGlobalSection
	GlobalSection(ProjectConfigurationPlatforms) = postSolution
		{5CBC970D-8898-4E03-A010-DA4BA292651D}.Debug|Any CPU.ActiveCfg = Debug|Any CPU
		{5CBC970D-8898-4E03-A010-DA4BA292651D}.Debug|Any CPU.Build.0 = Debug|Any CPU
		{5CBC970D-8898-4E03-A010-DA4BA292651D}.Release|Any CPU.ActiveCfg = Release|Any CPU
		{5CBC970D-8898-4E03-A010-DA4BA292651D}.Release|Any CPU.Build.0 = Release|Any CPU
	EndGlobalSection
	GlobalSection(SolutionProperties) = preSolution
		HideSolutionNode = FALSE
	EndGlobalSection
	GlobalSection(ExtensibilityGlobals) = postSolution
		SolutionGuid = {0508A849-2EEC-467A-B4EF-7E5F298F1923}
	EndGlobalSection
EndGlobal
